// !$*UTF8*$!
{
	archiveVersion = 1;
	classes = {
	};
	objectVersion = 55;
	objects = {

/* Begin PBXBuildFile section */
		4DD22BDB28192E2200644A90 /* AppDelegate.swift in Sources */ = {isa = PBXBuildFile; fileRef = 4DD22BDA28192E2200644A90 /* AppDelegate.swift */; };
		4DD22BDD28192E2200644A90 /* SceneDelegate.swift in Sources */ = {isa = PBXBuildFile; fileRef = 4DD22BDC28192E2200644A90 /* SceneDelegate.swift */; };
		4DD22BDF28192E2200644A90 /* ViewController.swift in Sources */ = {isa = PBXBuildFile; fileRef = 4DD22BDE28192E2200644A90 /* ViewController.swift */; };
		4DD22BE228192E2200644A90 /* Main.storyboard in Resources */ = {isa = PBXBuildFile; fileRef = 4DD22BE028192E2200644A90 /* Main.storyboard */; };
		4DD22BE428192E2500644A90 /* Assets.xcassets in Resources */ = {isa = PBXBuildFile; fileRef = 4DD22BE328192E2500644A90 /* Assets.xcassets */; };
		4DD22BE728192E2500644A90 /* LaunchScreen.storyboard in Resources */ = {isa = PBXBuildFile; fileRef = 4DD22BE528192E2500644A90 /* LaunchScreen.storyboard */; };
		4DD22BF228192E2500644A90 /* Amity_UIKit_Pod_SampleTests.swift in Sources */ = {isa = PBXBuildFile; fileRef = 4DD22BF128192E2500644A90 /* Amity_UIKit_Pod_SampleTests.swift */; };
		4DD22BFC28192E2500644A90 /* Amity_UIKit_Pod_SampleUITests.swift in Sources */ = {isa = PBXBuildFile; fileRef = 4DD22BFB28192E2500644A90 /* Amity_UIKit_Pod_SampleUITests.swift */; };
		4DD22BFE28192E2500644A90 /* Amity_UIKit_Pod_SampleUITestsLaunchTests.swift in Sources */ = {isa = PBXBuildFile; fileRef = 4DD22BFD28192E2500644A90 /* Amity_UIKit_Pod_SampleUITestsLaunchTests.swift */; };
/* End PBXBuildFile section */

/* Begin PBXContainerItemProxy section */
		4DD22BEE28192E2500644A90 /* PBXContainerItemProxy */ = {
			isa = PBXContainerItemProxy;
			containerPortal = 4DD22BCF28192E2200644A90 /* Project object */;
			proxyType = 1;
			remoteGlobalIDString = 4DD22BD628192E2200644A90;
			remoteInfo = "Amity-UIKit-Pod-Sample";
		};
		4DD22BF828192E2500644A90 /* PBXContainerItemProxy */ = {
			isa = PBXContainerItemProxy;
			containerPortal = 4DD22BCF28192E2200644A90 /* Project object */;
			proxyType = 1;
			remoteGlobalIDString = 4DD22BD628192E2200644A90;
			remoteInfo = "Amity-UIKit-Pod-Sample";
		};
/* End PBXContainerItemProxy section */

/* Begin PBXFileReference section */
		4DD22BD728192E2200644A90 /* Amity-UIKit-Pod-Sample.app */ = {isa = PBXFileReference; explicitFileType = wrapper.application; includeInIndex = 0; path = "Amity-UIKit-Pod-Sample.app"; sourceTree = BUILT_PRODUCTS_DIR; };
		4DD22BDA28192E2200644A90 /* AppDelegate.swift */ = {isa = PBXFileReference; lastKnownFileType = sourcecode.swift; path = AppDelegate.swift; sourceTree = "<group>"; };
		4DD22BDC28192E2200644A90 /* SceneDelegate.swift */ = {isa = PBXFileReference; lastKnownFileType = sourcecode.swift; path = SceneDelegate.swift; sourceTree = "<group>"; };
		4DD22BDE28192E2200644A90 /* ViewController.swift */ = {isa = PBXFileReference; lastKnownFileType = sourcecode.swift; path = ViewController.swift; sourceTree = "<group>"; };
		4DD22BE128192E2200644A90 /* Base */ = {isa = PBXFileReference; lastKnownFileType = file.storyboard; name = Base; path = Base.lproj/Main.storyboard; sourceTree = "<group>"; };
		4DD22BE328192E2500644A90 /* Assets.xcassets */ = {isa = PBXFileReference; lastKnownFileType = folder.assetcatalog; path = Assets.xcassets; sourceTree = "<group>"; };
		4DD22BE628192E2500644A90 /* Base */ = {isa = PBXFileReference; lastKnownFileType = file.storyboard; name = Base; path = Base.lproj/LaunchScreen.storyboard; sourceTree = "<group>"; };
		4DD22BE828192E2500644A90 /* Info.plist */ = {isa = PBXFileReference; lastKnownFileType = text.plist.xml; path = Info.plist; sourceTree = "<group>"; };
		4DD22BED28192E2500644A90 /* Amity-UIKit-Pod-SampleTests.xctest */ = {isa = PBXFileReference; explicitFileType = wrapper.cfbundle; includeInIndex = 0; path = "Amity-UIKit-Pod-SampleTests.xctest"; sourceTree = BUILT_PRODUCTS_DIR; };
		4DD22BF128192E2500644A90 /* Amity_UIKit_Pod_SampleTests.swift */ = {isa = PBXFileReference; lastKnownFileType = sourcecode.swift; path = Amity_UIKit_Pod_SampleTests.swift; sourceTree = "<group>"; };
		4DD22BF728192E2500644A90 /* Amity-UIKit-Pod-SampleUITests.xctest */ = {isa = PBXFileReference; explicitFileType = wrapper.cfbundle; includeInIndex = 0; path = "Amity-UIKit-Pod-SampleUITests.xctest"; sourceTree = BUILT_PRODUCTS_DIR; };
		4DD22BFB28192E2500644A90 /* Amity_UIKit_Pod_SampleUITests.swift */ = {isa = PBXFileReference; lastKnownFileType = sourcecode.swift; path = Amity_UIKit_Pod_SampleUITests.swift; sourceTree = "<group>"; };
		4DD22BFD28192E2500644A90 /* Amity_UIKit_Pod_SampleUITestsLaunchTests.swift */ = {isa = PBXFileReference; lastKnownFileType = sourcecode.swift; path = Amity_UIKit_Pod_SampleUITestsLaunchTests.swift; sourceTree = "<group>"; };
/* End PBXFileReference section */

/* Begin PBXFrameworksBuildPhase section */
		4DD22BD428192E2200644A90 /* Frameworks */ = {
			isa = PBXFrameworksBuildPhase;
			buildActionMask = 2147483647;
			files = (
			);
			runOnlyForDeploymentPostprocessing = 0;
		};
		4DD22BEA28192E2500644A90 /* Frameworks */ = {
			isa = PBXFrameworksBuildPhase;
			buildActionMask = 2147483647;
			files = (
			);
			runOnlyForDeploymentPostprocessing = 0;
		};
		4DD22BF428192E2500644A90 /* Frameworks */ = {
			isa = PBXFrameworksBuildPhase;
			buildActionMask = 2147483647;
			files = (
			);
			runOnlyForDeploymentPostprocessing = 0;
		};
/* End PBXFrameworksBuildPhase section */

/* Begin PBXGroup section */
		4DD22BCE28192E2200644A90 = {
			isa = PBXGroup;
			children = (
				4DD22BD928192E2200644A90 /* Amity-UIKit-Pod-Sample */,
				4DD22BF028192E2500644A90 /* Amity-UIKit-Pod-SampleTests */,
				4DD22BFA28192E2500644A90 /* Amity-UIKit-Pod-SampleUITests */,
				4DD22BD828192E2200644A90 /* Products */,
			);
			sourceTree = "<group>";
		};
		4DD22BD828192E2200644A90 /* Products */ = {
			isa = PBXGroup;
			children = (
				4DD22BD728192E2200644A90 /* Amity-UIKit-Pod-Sample.app */,
				4DD22BED28192E2500644A90 /* Amity-UIKit-Pod-SampleTests.xctest */,
				4DD22BF728192E2500644A90 /* Amity-UIKit-Pod-SampleUITests.xctest */,
			);
			name = Products;
			sourceTree = "<group>";
		};
		4DD22BD928192E2200644A90 /* Amity-UIKit-Pod-Sample */ = {
			isa = PBXGroup;
			children = (
				4DD22BDA28192E2200644A90 /* AppDelegate.swift */,
				4DD22BDC28192E2200644A90 /* SceneDelegate.swift */,
				4DD22BDE28192E2200644A90 /* ViewController.swift */,
				4DD22BE028192E2200644A90 /* Main.storyboard */,
				4DD22BE328192E2500644A90 /* Assets.xcassets */,
				4DD22BE528192E2500644A90 /* LaunchScreen.storyboard */,
				4DD22BE828192E2500644A90 /* Info.plist */,
			);
			path = "Amity-UIKit-Pod-Sample";
			sourceTree = "<group>";
		};
		4DD22BF028192E2500644A90 /* Amity-UIKit-Pod-SampleTests */ = {
			isa = PBXGroup;
			children = (
				4DD22BF128192E2500644A90 /* Amity_UIKit_Pod_SampleTests.swift */,
			);
			path = "Amity-UIKit-Pod-SampleTests";
			sourceTree = "<group>";
		};
		4DD22BFA28192E2500644A90 /* Amity-UIKit-Pod-SampleUITests */ = {
			isa = PBXGroup;
			children = (
				4DD22BFB28192E2500644A90 /* Amity_UIKit_Pod_SampleUITests.swift */,
				4DD22BFD28192E2500644A90 /* Amity_UIKit_Pod_SampleUITestsLaunchTests.swift */,
			);
			path = "Amity-UIKit-Pod-SampleUITests";
			sourceTree = "<group>";
		};
/* End PBXGroup section */

/* Begin PBXNativeTarget section */
		4DD22BD628192E2200644A90 /* Amity-UIKit-Pod-Sample */ = {
			isa = PBXNativeTarget;
			buildConfigurationList = 4DD22C0128192E2500644A90 /* Build configuration list for PBXNativeTarget "Amity-UIKit-Pod-Sample" */;
			buildPhases = (
				4DD22BD328192E2200644A90 /* Sources */,
				4DD22BD428192E2200644A90 /* Frameworks */,
				4DD22BD528192E2200644A90 /* Resources */,
			);
			buildRules = (
			);
			dependencies = (
			);
			name = "Amity-UIKit-Pod-Sample";
			productName = "Amity-UIKit-Pod-Sample";
			productReference = 4DD22BD728192E2200644A90 /* Amity-UIKit-Pod-Sample.app */;
			productType = "com.apple.product-type.application";
		};
		4DD22BEC28192E2500644A90 /* Amity-UIKit-Pod-SampleTests */ = {
			isa = PBXNativeTarget;
			buildConfigurationList = 4DD22C0428192E2500644A90 /* Build configuration list for PBXNativeTarget "Amity-UIKit-Pod-SampleTests" */;
			buildPhases = (
				4DD22BE928192E2500644A90 /* Sources */,
				4DD22BEA28192E2500644A90 /* Frameworks */,
				4DD22BEB28192E2500644A90 /* Resources */,
			);
			buildRules = (
			);
			dependencies = (
				4DD22BEF28192E2500644A90 /* PBXTargetDependency */,
			);
			name = "Amity-UIKit-Pod-SampleTests";
			productName = "Amity-UIKit-Pod-SampleTests";
			productReference = 4DD22BED28192E2500644A90 /* Amity-UIKit-Pod-SampleTests.xctest */;
			productType = "com.apple.product-type.bundle.unit-test";
		};
		4DD22BF628192E2500644A90 /* Amity-UIKit-Pod-SampleUITests */ = {
			isa = PBXNativeTarget;
			buildConfigurationList = 4DD22C0728192E2500644A90 /* Build configuration list for PBXNativeTarget "Amity-UIKit-Pod-SampleUITests" */;
			buildPhases = (
				4DD22BF328192E2500644A90 /* Sources */,
				4DD22BF428192E2500644A90 /* Frameworks */,
				4DD22BF528192E2500644A90 /* Resources */,
			);
			buildRules = (
			);
			dependencies = (
				4DD22BF928192E2500644A90 /* PBXTargetDependency */,
			);
			name = "Amity-UIKit-Pod-SampleUITests";
			productName = "Amity-UIKit-Pod-SampleUITests";
			productReference = 4DD22BF728192E2500644A90 /* Amity-UIKit-Pod-SampleUITests.xctest */;
			productType = "com.apple.product-type.bundle.ui-testing";
		};
/* End PBXNativeTarget section */

/* Begin PBXProject section */
		4DD22BCF28192E2200644A90 /* Project object */ = {
			isa = PBXProject;
			attributes = {
				BuildIndependentTargetsInParallel = 1;
				LastSwiftUpdateCheck = 1320;
				LastUpgradeCheck = 1320;
				TargetAttributes = {
					4DD22BD628192E2200644A90 = {
						CreatedOnToolsVersion = 13.2.1;
					};
					4DD22BEC28192E2500644A90 = {
						CreatedOnToolsVersion = 13.2.1;
						TestTargetID = 4DD22BD628192E2200644A90;
					};
					4DD22BF628192E2500644A90 = {
						CreatedOnToolsVersion = 13.2.1;
						TestTargetID = 4DD22BD628192E2200644A90;
					};
				};
			};
			buildConfigurationList = 4DD22BD228192E2200644A90 /* Build configuration list for PBXProject "Amity-UIKit-Pod-Sample" */;
			compatibilityVersion = "Xcode 13.0";
			developmentRegion = en;
			hasScannedForEncodings = 0;
			knownRegions = (
				en,
				Base,
			);
			mainGroup = 4DD22BCE28192E2200644A90;
			productRefGroup = 4DD22BD828192E2200644A90 /* Products */;
			projectDirPath = "";
			projectRoot = "";
			targets = (
				4DD22BD628192E2200644A90 /* Amity-UIKit-Pod-Sample */,
				4DD22BEC28192E2500644A90 /* Amity-UIKit-Pod-SampleTests */,
				4DD22BF628192E2500644A90 /* Amity-UIKit-Pod-SampleUITests */,
			);
		};
/* End PBXProject section */

/* Begin PBXResourcesBuildPhase section */
		4DD22BD528192E2200644A90 /* Resources */ = {
			isa = PBXResourcesBuildPhase;
			buildActionMask = 2147483647;
			files = (
				4DD22BE728192E2500644A90 /* LaunchScreen.storyboard in Resources */,
				4DD22BE428192E2500644A90 /* Assets.xcassets in Resources */,
				4DD22BE228192E2200644A90 /* Main.storyboard in Resources */,
			);
			runOnlyForDeploymentPostprocessing = 0;
		};
		4DD22BEB28192E2500644A90 /* Resources */ = {
			isa = PBXResourcesBuildPhase;
			buildActionMask = 2147483647;
			files = (
			);
			runOnlyForDeploymentPostprocessing = 0;
		};
		4DD22BF528192E2500644A90 /* Resources */ = {
			isa = PBXResourcesBuildPhase;
			buildActionMask = 2147483647;
			files = (
			);
			runOnlyForDeploymentPostprocessing = 0;
		};
/* End PBXResourcesBuildPhase section */

/* Begin PBXSourcesBuildPhase section */
		4DD22BD328192E2200644A90 /* Sources */ = {
			isa = PBXSourcesBuildPhase;
			buildActionMask = 2147483647;
			files = (
				4DD22BDF28192E2200644A90 /* ViewController.swift in Sources */,
				4DD22BDB28192E2200644A90 /* AppDelegate.swift in Sources */,
				4DD22BDD28192E2200644A90 /* SceneDelegate.swift in Sources */,
			);
			runOnlyForDeploymentPostprocessing = 0;
		};
		4DD22BE928192E2500644A90 /* Sources */ = {
			isa = PBXSourcesBuildPhase;
			buildActionMask = 2147483647;
			files = (
				4DD22BF228192E2500644A90 /* Amity_UIKit_Pod_SampleTests.swift in Sources */,
			);
			runOnlyForDeploymentPostprocessing = 0;
		};
		4DD22BF328192E2500644A90 /* Sources */ = {
			isa = PBXSourcesBuildPhase;
			buildActionMask = 2147483647;
			files = (
				4DD22BFE28192E2500644A90 /* Amity_UIKit_Pod_SampleUITestsLaunchTests.swift in Sources */,
				4DD22BFC28192E2500644A90 /* Amity_UIKit_Pod_SampleUITests.swift in Sources */,
			);
			runOnlyForDeploymentPostprocessing = 0;
		};
/* End PBXSourcesBuildPhase section */

/* Begin PBXTargetDependency section */
		4DD22BEF28192E2500644A90 /* PBXTargetDependency */ = {
			isa = PBXTargetDependency;
			target = 4DD22BD628192E2200644A90 /* Amity-UIKit-Pod-Sample */;
			targetProxy = 4DD22BEE28192E2500644A90 /* PBXContainerItemProxy */;
		};
		4DD22BF928192E2500644A90 /* PBXTargetDependency */ = {
			isa = PBXTargetDependency;
			target = 4DD22BD628192E2200644A90 /* Amity-UIKit-Pod-Sample */;
			targetProxy = 4DD22BF828192E2500644A90 /* PBXContainerItemProxy */;
		};
/* End PBXTargetDependency section */

/* Begin PBXVariantGroup section */
		4DD22BE028192E2200644A90 /* Main.storyboard */ = {
			isa = PBXVariantGroup;
			children = (
				4DD22BE128192E2200644A90 /* Base */,
			);
			name = Main.storyboard;
			sourceTree = "<group>";
		};
		4DD22BE528192E2500644A90 /* LaunchScreen.storyboard */ = {
			isa = PBXVariantGroup;
			children = (
				4DD22BE628192E2500644A90 /* Base */,
			);
			name = LaunchScreen.storyboard;
			sourceTree = "<group>";
		};
/* End PBXVariantGroup section */

/* Begin XCBuildConfiguration section */
		4DD22BFF28192E2500644A90 /* Debug */ = {
			isa = XCBuildConfiguration;
			buildSettings = {
				ALWAYS_SEARCH_USER_PATHS = NO;
				CLANG_ANALYZER_NONNULL = YES;
				CLANG_ANALYZER_NUMBER_OBJECT_CONVERSION = YES_AGGRESSIVE;
				CLANG_CXX_LANGUAGE_STANDARD = "gnu++17";
				CLANG_CXX_LIBRARY = "libc++";
				CLANG_ENABLE_MODULES = YES;
				CLANG_ENABLE_OBJC_ARC = YES;
				CLANG_ENABLE_OBJC_WEAK = YES;
				CLANG_WARN_BLOCK_CAPTURE_AUTORELEASING = YES;
				CLANG_WARN_BOOL_CONVERSION = YES;
				CLANG_WARN_COMMA = YES;
				CLANG_WARN_CONSTANT_CONVERSION = YES;
				CLANG_WARN_DEPRECATED_OBJC_IMPLEMENTATIONS = YES;
				CLANG_WARN_DIRECT_OBJC_ISA_USAGE = YES_ERROR;
				CLANG_WARN_DOCUMENTATION_COMMENTS = YES;
				CLANG_WARN_EMPTY_BODY = YES;
				CLANG_WARN_ENUM_CONVERSION = YES;
				CLANG_WARN_INFINITE_RECURSION = YES;
				CLANG_WARN_INT_CONVERSION = YES;
				CLANG_WARN_NON_LITERAL_NULL_CONVERSION = YES;
				CLANG_WARN_OBJC_IMPLICIT_RETAIN_SELF = YES;
				CLANG_WARN_OBJC_LITERAL_CONVERSION = YES;
				CLANG_WARN_OBJC_ROOT_CLASS = YES_ERROR;
				CLANG_WARN_QUOTED_INCLUDE_IN_FRAMEWORK_HEADER = YES;
				CLANG_WARN_RANGE_LOOP_ANALYSIS = YES;
				CLANG_WARN_STRICT_PROTOTYPES = YES;
				CLANG_WARN_SUSPICIOUS_MOVE = YES;
				CLANG_WARN_UNGUARDED_AVAILABILITY = YES_AGGRESSIVE;
				CLANG_WARN_UNREACHABLE_CODE = YES;
				CLANG_WARN__DUPLICATE_METHOD_MATCH = YES;
				COPY_PHASE_STRIP = NO;
				DEBUG_INFORMATION_FORMAT = dwarf;
				ENABLE_STRICT_OBJC_MSGSEND = YES;
				ENABLE_TESTABILITY = YES;
				GCC_C_LANGUAGE_STANDARD = gnu11;
				GCC_DYNAMIC_NO_PIC = NO;
				GCC_NO_COMMON_BLOCKS = YES;
				GCC_OPTIMIZATION_LEVEL = 0;
				GCC_PREPROCESSOR_DEFINITIONS = (
					"DEBUG=1",
					"$(inherited)",
				);
				GCC_WARN_64_TO_32_BIT_CONVERSION = YES;
				GCC_WARN_ABOUT_RETURN_TYPE = YES_ERROR;
				GCC_WARN_UNDECLARED_SELECTOR = YES;
				GCC_WARN_UNINITIALIZED_AUTOS = YES_AGGRESSIVE;
				GCC_WARN_UNUSED_FUNCTION = YES;
				GCC_WARN_UNUSED_VARIABLE = YES;
				IPHONEOS_DEPLOYMENT_TARGET = 15.2;
				MTL_ENABLE_DEBUG_INFO = INCLUDE_SOURCE;
				MTL_FAST_MATH = YES;
				ONLY_ACTIVE_ARCH = YES;
				SDKROOT = iphoneos;
				SWIFT_ACTIVE_COMPILATION_CONDITIONS = DEBUG;
				SWIFT_OPTIMIZATION_LEVEL = "-Onone";
			};
			name = Debug;
		};
		4DD22C0028192E2500644A90 /* Release */ = {
			isa = XCBuildConfiguration;
			buildSettings = {
				ALWAYS_SEARCH_USER_PATHS = NO;
				CLANG_ANALYZER_NONNULL = YES;
				CLANG_ANALYZER_NUMBER_OBJECT_CONVERSION = YES_AGGRESSIVE;
				CLANG_CXX_LANGUAGE_STANDARD = "gnu++17";
				CLANG_CXX_LIBRARY = "libc++";
				CLANG_ENABLE_MODULES = YES;
				CLANG_ENABLE_OBJC_ARC = YES;
				CLANG_ENABLE_OBJC_WEAK = YES;
				CLANG_WARN_BLOCK_CAPTURE_AUTORELEASING = YES;
				CLANG_WARN_BOOL_CONVERSION = YES;
				CLANG_WARN_COMMA = YES;
				CLANG_WARN_CONSTANT_CONVERSION = YES;
				CLANG_WARN_DEPRECATED_OBJC_IMPLEMENTATIONS = YES;
				CLANG_WARN_DIRECT_OBJC_ISA_USAGE = YES_ERROR;
				CLANG_WARN_DOCUMENTATION_COMMENTS = YES;
				CLANG_WARN_EMPTY_BODY = YES;
				CLANG_WARN_ENUM_CONVERSION = YES;
				CLANG_WARN_INFINITE_RECURSION = YES;
				CLANG_WARN_INT_CONVERSION = YES;
				CLANG_WARN_NON_LITERAL_NULL_CONVERSION = YES;
				CLANG_WARN_OBJC_IMPLICIT_RETAIN_SELF = YES;
				CLANG_WARN_OBJC_LITERAL_CONVERSION = YES;
				CLANG_WARN_OBJC_ROOT_CLASS = YES_ERROR;
				CLANG_WARN_QUOTED_INCLUDE_IN_FRAMEWORK_HEADER = YES;
				CLANG_WARN_RANGE_LOOP_ANALYSIS = YES;
				CLANG_WARN_STRICT_PROTOTYPES = YES;
				CLANG_WARN_SUSPICIOUS_MOVE = YES;
				CLANG_WARN_UNGUARDED_AVAILABILITY = YES_AGGRESSIVE;
				CLANG_WARN_UNREACHABLE_CODE = YES;
				CLANG_WARN__DUPLICATE_METHOD_MATCH = YES;
				COPY_PHASE_STRIP = NO;
				DEBUG_INFORMATION_FORMAT = "dwarf-with-dsym";
				ENABLE_NS_ASSERTIONS = NO;
				ENABLE_STRICT_OBJC_MSGSEND = YES;
				GCC_C_LANGUAGE_STANDARD = gnu11;
				GCC_NO_COMMON_BLOCKS = YES;
				GCC_WARN_64_TO_32_BIT_CONVERSION = YES;
				GCC_WARN_ABOUT_RETURN_TYPE = YES_ERROR;
				GCC_WARN_UNDECLARED_SELECTOR = YES;
				GCC_WARN_UNINITIALIZED_AUTOS = YES_AGGRESSIVE;
				GCC_WARN_UNUSED_FUNCTION = YES;
				GCC_WARN_UNUSED_VARIABLE = YES;
				IPHONEOS_DEPLOYMENT_TARGET = 15.2;
				MTL_ENABLE_DEBUG_INFO = NO;
				MTL_FAST_MATH = YES;
				SDKROOT = iphoneos;
				SWIFT_COMPILATION_MODE = wholemodule;
				SWIFT_OPTIMIZATION_LEVEL = "-O";
				VALIDATE_PRODUCT = YES;
			};
			name = Release;
		};
		4DD22C0228192E2500644A90 /* Debug */ = {
			isa = XCBuildConfiguration;
			buildSettings = {
				ASSETCATALOG_COMPILER_APPICON_NAME = AppIcon;
				ASSETCATALOG_COMPILER_GLOBAL_ACCENT_COLOR_NAME = AccentColor;
				CODE_SIGN_STYLE = Automatic;
				CURRENT_PROJECT_VERSION = 1;
				GENERATE_INFOPLIST_FILE = YES;
				INFOPLIST_FILE = "Amity-UIKit-Pod-Sample/Info.plist";
				INFOPLIST_KEY_UIApplicationSupportsIndirectInputEvents = YES;
				INFOPLIST_KEY_UILaunchStoryboardName = LaunchScreen;
				INFOPLIST_KEY_UIMainStoryboardFile = Main;
				INFOPLIST_KEY_UISupportedInterfaceOrientations_iPad = "UIInterfaceOrientationPortrait UIInterfaceOrientationPortraitUpsideDown UIInterfaceOrientationLandscapeLeft UIInterfaceOrientationLandscapeRight";
				INFOPLIST_KEY_UISupportedInterfaceOrientations_iPhone = "UIInterfaceOrientationPortrait UIInterfaceOrientationLandscapeLeft UIInterfaceOrientationLandscapeRight";
				LD_RUNPATH_SEARCH_PATHS = (
					"$(inherited)",
					"@executable_path/Frameworks",
				);
				MARKETING_VERSION = 1.0;
				PRODUCT_BUNDLE_IDENTIFIER = "com.amity.Amity-UIKit-Pod-Sample";
				PRODUCT_NAME = "$(TARGET_NAME)";
				SWIFT_EMIT_LOC_STRINGS = YES;
				SWIFT_VERSION = 5.0;
				TARGETED_DEVICE_FAMILY = "1,2";
			};
			name = Debug;
		};
		4DD22C0328192E2500644A90 /* Release */ = {
			isa = XCBuildConfiguration;
			buildSettings = {
				ASSETCATALOG_COMPILER_APPICON_NAME = AppIcon;
				ASSETCATALOG_COMPILER_GLOBAL_ACCENT_COLOR_NAME = AccentColor;
				CODE_SIGN_STYLE = Automatic;
				CURRENT_PROJECT_VERSION = 1;
				GENERATE_INFOPLIST_FILE = YES;
				INFOPLIST_FILE = "Amity-UIKit-Pod-Sample/Info.plist";
				INFOPLIST_KEY_UIApplicationSupportsIndirectInputEvents = YES;
				INFOPLIST_KEY_UILaunchStoryboardName = LaunchScreen;
				INFOPLIST_KEY_UIMainStoryboardFile = Main;
				INFOPLIST_KEY_UISupportedInterfaceOrientations_iPad = "UIInterfaceOrientationPortrait UIInterfaceOrientationPortraitUpsideDown UIInterfaceOrientationLandscapeLeft UIInterfaceOrientationLandscapeRight";
				INFOPLIST_KEY_UISupportedInterfaceOrientations_iPhone = "UIInterfaceOrientationPortrait UIInterfaceOrientationLandscapeLeft UIInterfaceOrientationLandscapeRight";
				LD_RUNPATH_SEARCH_PATHS = (
					"$(inherited)",
					"@executable_path/Frameworks",
				);
				MARKETING_VERSION = 1.0;
				PRODUCT_BUNDLE_IDENTIFIER = "com.amity.Amity-UIKit-Pod-Sample";
				PRODUCT_NAME = "$(TARGET_NAME)";
				SWIFT_EMIT_LOC_STRINGS = YES;
				SWIFT_VERSION = 5.0;
				TARGETED_DEVICE_FAMILY = "1,2";
			};
			name = Release;
		};
		4DD22C0528192E2500644A90 /* Debug */ = {
			isa = XCBuildConfiguration;
			buildSettings = {
				ALWAYS_EMBED_SWIFT_STANDARD_LIBRARIES = YES;
				BUNDLE_LOADER = "$(TEST_HOST)";
				CODE_SIGN_STYLE = Automatic;
				CURRENT_PROJECT_VERSION = 1;
				GENERATE_INFOPLIST_FILE = YES;
				IPHONEOS_DEPLOYMENT_TARGET = 15.2;
				MARKETING_VERSION = 1.0;
				PRODUCT_BUNDLE_IDENTIFIER = "com.amity.Amity-UIKit-Pod-SampleTests";
				PRODUCT_NAME = "$(TARGET_NAME)";
				SWIFT_EMIT_LOC_STRINGS = NO;
				SWIFT_VERSION = 5.0;
				TARGETED_DEVICE_FAMILY = "1,2";
				TEST_HOST = "$(BUILT_PRODUCTS_DIR)/Amity-UIKit-Pod-Sample.app/Amity-UIKit-Pod-Sample";
			};
			name = Debug;
		};
		4DD22C0628192E2500644A90 /* Release */ = {
			isa = XCBuildConfiguration;
			buildSettings = {
				ALWAYS_EMBED_SWIFT_STANDARD_LIBRARIES = YES;
				BUNDLE_LOADER = "$(TEST_HOST)";
				CODE_SIGN_STYLE = Automatic;
				CURRENT_PROJECT_VERSION = 1;
				GENERATE_INFOPLIST_FILE = YES;
				IPHONEOS_DEPLOYMENT_TARGET = 15.2;
				MARKETING_VERSION = 1.0;
				PRODUCT_BUNDLE_IDENTIFIER = "com.amity.Amity-UIKit-Pod-SampleTests";
				PRODUCT_NAME = "$(TARGET_NAME)";
				SWIFT_EMIT_LOC_STRINGS = NO;
				SWIFT_VERSION = 5.0;
				TARGETED_DEVICE_FAMILY = "1,2";
				TEST_HOST = "$(BUILT_PRODUCTS_DIR)/Amity-UIKit-Pod-Sample.app/Amity-UIKit-Pod-Sample";
			};
			name = Release;
		};
		4DD22C0828192E2500644A90 /* Debug */ = {
			isa = XCBuildConfiguration;
			buildSettings = {
				ALWAYS_EMBED_SWIFT_STANDARD_LIBRARIES = YES;
				CODE_SIGN_STYLE = Automatic;
				CURRENT_PROJECT_VERSION = 1;
				GENERATE_INFOPLIST_FILE = YES;
				MARKETING_VERSION = 1.0;
				PRODUCT_BUNDLE_IDENTIFIER = "com.amity.Amity-UIKit-Pod-SampleUITests";
				PRODUCT_NAME = "$(TARGET_NAME)";
				SWIFT_EMIT_LOC_STRINGS = NO;
				SWIFT_VERSION = 5.0;
				TARGETED_DEVICE_FAMILY = "1,2";
				TEST_TARGET_NAME = "Amity-UIKit-Pod-Sample";
			};
			name = Debug;
		};
		4DD22C0928192E2500644A90 /* Release */ = {
			isa = XCBuildConfiguration;
			buildSettings = {
				ALWAYS_EMBED_SWIFT_STANDARD_LIBRARIES = YES;
				CODE_SIGN_STYLE = Automatic;
				CURRENT_PROJECT_VERSION = 1;
				GENERATE_INFOPLIST_FILE = YES;
				MARKETING_VERSION = 1.0;
				PRODUCT_BUNDLE_IDENTIFIER = "com.amity.Amity-UIKit-Pod-SampleUITests";
				PRODUCT_NAME = "$(TARGET_NAME)";
				SWIFT_EMIT_LOC_STRINGS = NO;
				SWIFT_VERSION = 5.0;
				TARGETED_DEVICE_FAMILY = "1,2";
				TEST_TARGET_NAME = "Amity-UIKit-Pod-Sample";
			};
			name = Release;
		};
/* End XCBuildConfiguration section */

/* Begin XCConfigurationList section */
		4DD22BD228192E2200644A90 /* Build configuration list for PBXProject "Amity-UIKit-Pod-Sample" */ = {
			isa = XCConfigurationList;
			buildConfigurations = (
				4DD22BFF28192E2500644A90 /* Debug */,
				4DD22C0028192E2500644A90 /* Release */,
			);
			defaultConfigurationIsVisible = 0;
			defaultConfigurationName = Release;
		};
		4DD22C0128192E2500644A90 /* Build configuration list for PBXNativeTarget "Amity-UIKit-Pod-Sample" */ = {
			isa = XCConfigurationList;
			buildConfigurations = (
				4DD22C0228192E2500644A90 /* Debug */,
				4DD22C0328192E2500644A90 /* Release */,
			);
			defaultConfigurationIsVisible = 0;
			defaultConfigurationName = Release;
		};
		4DD22C0428192E2500644A90 /* Build configuration list for PBXNativeTarget "Amity-UIKit-Pod-SampleTests" */ = {
			isa = XCConfigurationList;
			buildConfigurations = (
				4DD22C0528192E2500644A90 /* Debug */,
				4DD22C0628192E2500644A90 /* Release */,
			);
			defaultConfigurationIsVisible = 0;
			defaultConfigurationName = Release;
		};
		4DD22C0728192E2500644A90 /* Build configuration list for PBXNativeTarget "Amity-UIKit-Pod-SampleUITests" */ = {
			isa = XCConfigurationList;
			buildConfigurations = (
				4DD22C0828192E2500644A90 /* Debug */,
				4DD22C0928192E2500644A90 /* Release */,
			);
			defaultConfigurationIsVisible = 0;
			defaultConfigurationName = Release;
		};
/* End XCConfigurationList section */
	};
	rootObject = 4DD22BCF28192E2200644A90 /* Project object */;
}
